
Microsoft Visual Studio Solution File, Format Version 12.00
# Visual Studio 15
VisualStudioVersion = 15.0.28307.489
MinimumVisualStudioVersion = 10.0.40219.1
Project("{FAE04EC0-301F-11D3-BF4B-00C04F79EFBC}") = "SportsStoreCore", "SportsStoreCore\SportsStoreCore.csproj", "{9045AC6D-C014-4B4C-8F37-8F3EA963F954}"
EndProject
Project("{FAE04EC0-301F-11D3-BF4B-00C04F79EFBC}") = "SportsStoreCore.Tests", "SportsStoreCore.Tests\SportsStoreCore.Tests.csproj", "{C58F076B-B1CF-4647-B3A8-5A0337B97CE0}"
EndProject
Global
	GlobalSection(SolutionConfigurationPlatforms) = preSolution
		Debug|Any CPU = Debug|Any CPU
		Release|Any CPU = Release|Any CPU
	EndGlobalSection
	GlobalSection(ProjectConfigurationPlatforms) = postSolution
		{9045AC6D-C014-4B4C-8F37-8F3EA963F954}.Debug|Any CPU.ActiveCfg = Debug|Any CPU
		{9045AC6D-C014-4B4C-8F37-8F3EA963F954}.Debug|Any CPU.Build.0 = Debug|Any CPU
		{9045AC6D-C014-4B4C-8F37-8F3EA963F954}.Release|Any CPU.ActiveCfg = Release|Any CPU
		{9045AC6D-C014-4B4C-8F37-8F3EA963F954}.Release|Any CPU.Build.0 = Release|Any CPU
		{C58F076B-B1CF-4647-B3A8-5A0337B97CE0}.Debug|Any CPU.ActiveCfg = Debug|Any CPU
		{C58F076B-B1CF-4647-B3A8-5A0337B97CE0}.Debug|Any CPU.Build.0 = Debug|Any CPU
		{C58F076B-B1CF-4647-B3A8-5A0337B97CE0}.Release|Any CPU.ActiveCfg = Release|Any CPU
		{C58F076B-B1CF-4647-B3A8-5A0337B97CE0}.Release|Any CPU.Build.0 = Release|Any CPU
	EndGlobalSection
	GlobalSection(SolutionProperties) = preSolution
		HideSolutionNode = FALSE
	EndGlobalSection
	GlobalSection(ExtensibilityGlobals) = postSolution
		SolutionGuid = {B5C33C7D-8296-4670-BFF0-F1573DEDFBAE}
	EndGlobalSection
EndGlobal
